
Microsoft Visual Studio Solution File, Format Version 12.00
# Visual Studio Express 2013 for Windows Desktop
VisualStudioVersion = 12.0.31101.0
MinimumVisualStudioVersion = 10.0.40219.1
Project("{8BC9CEB8-8B4A-11D0-8D11-00A0C91BC942}") = "AudioEngineWinTest2", "AudioEngineWinTest2\AudioEngineWinTest2.vcxproj", "{2D89646D-0E4B-462B-8315-27C97CA2E268}"
EndProject
Project("{8BC9CEB8-8B4A-11D0-8D11-00A0C91BC942}") = "AudioEngine", "..\AudioEngine\AudioEngine.vcxproj", "{93B59692-22DE-4233-BEDE-B82ADCAF5F6F}"
EndProject
Project("{8BC9CEB8-8B4A-11D0-8D11-00A0C91BC942}") = "BasicElaborationUnits", "..\BasicElaborationUnits\BasicElaborationUnits.vcxproj", "{23B71CCD-B825-4A11-B195-167FCAD57EE7}"
EndProject
Project("{8BC9CEB8-8B4A-11D0-8D11-00A0C91BC942}") = "InputOutput", "..\InputOutput\InputOutput.vcxproj", "{C968460A-EF4E-4FBE-B4B1-D8CEEA34B9C8}"
EndProject
Global
	GlobalSection(SolutionConfigurationPlatforms) = preSolution
		Debug|Win32 = Debug|Win32
		Release|Win32 = Release|Win32
	EndGlobalSection
	GlobalSection(ProjectConfigurationPlatforms) = postSolution
		{2D89646D-0E4B-462B-8315-27C97CA2E268}.Debug|Win32.ActiveCfg = Debug|Win32
		{2D89646D-0E4B-462B-8315-27C97CA2E268}.Debug|Win32.Build.0 = Debug|Win32
		{2D89646D-0E4B-462B-8315-27C97CA2E268}.Release|Win32.ActiveCfg = Release|Win32
		{2D89646D-0E4B-462B-8315-27C97CA2E268}.Release|Win32.Build.0 = Release|Win32
		{93B59692-22DE-4233-BEDE-B82ADCAF5F6F}.Debug|Win32.ActiveCfg = Debug|Win32
		{93B59692-22DE-4233-BEDE-B82ADCAF5F6F}.Debug|Win32.Build.0 = Debug|Win32
		{93B59692-22DE-4233-BEDE-B82ADCAF5F6F}.Release|Win32.ActiveCfg = Release|Win32
		{93B59692-22DE-4233-BEDE-B82ADCAF5F6F}.Release|Win32.Build.0 = Release|Win32
		{23B71CCD-B825-4A11-B195-167FCAD57EE7}.Debug|Win32.ActiveCfg = Debug|Win32
		{23B71CCD-B825-4A11-B195-167FCAD57EE7}.Debug|Win32.Build.0 = Debug|Win32
		{23B71CCD-B825-4A11-B195-167FCAD57EE7}.Release|Win32.ActiveCfg = Release|Win32
		{23B71CCD-B825-4A11-B195-167FCAD57EE7}.Release|Win32.Build.0 = Release|Win32
		{C968460A-EF4E-4FBE-B4B1-D8CEEA34B9C8}.Debug|Win32.ActiveCfg = Debug|Win32
		{C968460A-EF4E-4FBE-B4B1-D8CEEA34B9C8}.Debug|Win32.Build.0 = Debug|Win32
		{C968460A-EF4E-4FBE-B4B1-D8CEEA34B9C8}.Release|Win32.ActiveCfg = Release|Win32
		{C968460A-EF4E-4FBE-B4B1-D8CEEA34B9C8}.Release|Win32.Build.0 = Release|Win32
	EndGlobalSection
	GlobalSection(SolutionProperties) = preSolution
		HideSolutionNode = FALSE
	EndGlobalSection
EndGlobal
